
Microsoft Visual Studio Solution File, Format Version 12.00
# Visual Studio Version 17
VisualStudioVersion = 17.14.36310.24
MinimumVisualStudioVersion = 10.0.40219.1
Project("{FAE04EC0-301F-11D3-BF4B-00C04F79EFBC}") = "FaydamPDKS.Core", "FaydamPDKS.Core\FaydamPDKS.Core.csproj", "{C4F33762-7EDA-4FDC-8749-C51D0EEDA6E2}"
EndProject
Project("{FAE04EC0-301F-11D3-BF4B-00C04F79EFBC}") = "FaydamPDKS.Data", "FaydamPDKS.Data\FaydamPDKS.Data.csproj", "{01983865-1B6A-4839-A5FF-A7988D966D4D}"
EndProject
Project("{FAE04EC0-301F-11D3-BF4B-00C04F79EFBC}") = "FaydamPDKS.Web", "FaydamPDKS.Web\FaydamPDKS.Web.csproj", "{CEE003D3-6ED1-4389-ABAD-E2BEC117573D}"
EndProject
Project("{FAE04EC0-301F-11D3-BF4B-00C04F79EFBC}") = "FaydamPDKS.Api", "FaydamPDKS.Api\FaydamPDKS.Api.csproj", "{0F8C0700-819B-422A-BF8F-A5AD962EF072}"
EndProject
Project("{FAE04EC0-301F-11D3-BF4B-00C04F79EFBC}") = "FaydamPDKS.Tests", "FaydamPDKS.Tests\FaydamPDKS.Tests.csproj", "{E844F82F-2DB4-4C69-B136-FD0B987EB006}"
EndProject
Global
	GlobalSection(SolutionConfigurationPlatforms) = preSolution
		Debug|Any CPU = Debug|Any CPU
		Debug|x64 = Debug|x64
		Debug|x86 = Debug|x86
		Release|Any CPU = Release|Any CPU
		Release|x64 = Release|x64
		Release|x86 = Release|x86
	EndGlobalSection
	GlobalSection(ProjectConfigurationPlatforms) = postSolution
		{C4F33762-7EDA-4FDC-8749-C51D0EEDA6E2}.Debug|Any CPU.ActiveCfg = Debug|Any CPU
		{C4F33762-7EDA-4FDC-8749-C51D0EEDA6E2}.Debug|Any CPU.Build.0 = Debug|Any CPU
		{C4F33762-7EDA-4FDC-8749-C51D0EEDA6E2}.Debug|x64.ActiveCfg = Debug|Any CPU
		{C4F33762-7EDA-4FDC-8749-C51D0EEDA6E2}.Debug|x64.Build.0 = Debug|Any CPU
		{C4F33762-7EDA-4FDC-8749-C51D0EEDA6E2}.Debug|x86.ActiveCfg = Debug|Any CPU
		{C4F33762-7EDA-4FDC-8749-C51D0EEDA6E2}.Debug|x86.Build.0 = Debug|Any CPU
		{C4F33762-7EDA-4FDC-8749-C51D0EEDA6E2}.Release|Any CPU.ActiveCfg = Release|Any CPU
		{C4F33762-7EDA-4FDC-8749-C51D0EEDA6E2}.Release|Any CPU.Build.0 = Release|Any CPU
		{C4F33762-7EDA-4FDC-8749-C51D0EEDA6E2}.Release|x64.ActiveCfg = Release|Any CPU
		{C4F33762-7EDA-4FDC-8749-C51D0EEDA6E2}.Release|x64.Build.0 = Release|Any CPU
		{C4F33762-7EDA-4FDC-8749-C51D0EEDA6E2}.Release|x86.ActiveCfg = Release|Any CPU
		{C4F33762-7EDA-4FDC-8749-C51D0EEDA6E2}.Release|x86.Build.0 = Release|Any CPU
		{01983865-1B6A-4839-A5FF-A7988D966D4D}.Debug|Any CPU.ActiveCfg = Debug|Any CPU
		{01983865-1B6A-4839-A5FF-A7988D966D4D}.Debug|Any CPU.Build.0 = Debug|Any CPU
		{01983865-1B6A-4839-A5FF-A7988D966D4D}.Debug|x64.ActiveCfg = Debug|Any CPU
		{01983865-1B6A-4839-A5FF-A7988D966D4D}.Debug|x64.Build.0 = Debug|Any CPU
		{01983865-1B6A-4839-A5FF-A7988D966D4D}.Debug|x86.ActiveCfg = Debug|Any CPU
		{01983865-1B6A-4839-A5FF-A7988D966D4D}.Debug|x86.Build.0 = Debug|Any CPU
		{01983865-1B6A-4839-A5FF-A7988D966D4D}.Release|Any CPU.ActiveCfg = Release|Any CPU
		{01983865-1B6A-4839-A5FF-A7988D966D4D}.Release|Any CPU.Build.0 = Release|Any CPU
		{01983865-1B6A-4839-A5FF-A7988D966D4D}.Release|x64.ActiveCfg = Release|Any CPU
		{01983865-1B6A-4839-A5FF-A7988D966D4D}.Release|x64.Build.0 = Release|Any CPU
		{01983865-1B6A-4839-A5FF-A7988D966D4D}.Release|x86.ActiveCfg = Release|Any CPU
		{01983865-1B6A-4839-A5FF-A7988D966D4D}.Release|x86.Build.0 = Release|Any CPU
		{CEE003D3-6ED1-4389-ABAD-E2BEC117573D}.Debug|Any CPU.ActiveCfg = Debug|Any CPU
		{CEE003D3-6ED1-4389-ABAD-E2BEC117573D}.Debug|Any CPU.Build.0 = Debug|Any CPU
		{CEE003D3-6ED1-4389-ABAD-E2BEC117573D}.Debug|x64.ActiveCfg = Debug|Any CPU
		{CEE003D3-6ED1-4389-ABAD-E2BEC117573D}.Debug|x64.Build.0 = Debug|Any CPU
		{CEE003D3-6ED1-4389-ABAD-E2BEC117573D}.Debug|x86.ActiveCfg = Debug|Any CPU
		{CEE003D3-6ED1-4389-ABAD-E2BEC117573D}.Debug|x86.Build.0 = Debug|Any CPU
		{CEE003D3-6ED1-4389-ABAD-E2BEC117573D}.Release|Any CPU.ActiveCfg = Release|Any CPU
		{CEE003D3-6ED1-4389-ABAD-E2BEC117573D}.Release|Any CPU.Build.0 = Release|Any CPU
		{CEE003D3-6ED1-4389-ABAD-E2BEC117573D}.Release|x64.ActiveCfg = Release|Any CPU
		{CEE003D3-6ED1-4389-ABAD-E2BEC117573D}.Release|x64.Build.0 = Release|Any CPU
		{CEE003D3-6ED1-4389-ABAD-E2BEC117573D}.Release|x86.ActiveCfg = Release|Any CPU
		{CEE003D3-6ED1-4389-ABAD-E2BEC117573D}.Release|x86.Build.0 = Release|Any CPU
		{0F8C0700-819B-422A-BF8F-A5AD962EF072}.Debug|Any CPU.ActiveCfg = Debug|Any CPU
		{0F8C0700-819B-422A-BF8F-A5AD962EF072}.Debug|Any CPU.Build.0 = Debug|Any CPU
		{0F8C0700-819B-422A-BF8F-A5AD962EF072}.Debug|x64.ActiveCfg = Debug|Any CPU
		{0F8C0700-819B-422A-BF8F-A5AD962EF072}.Debug|x64.Build.0 = Debug|Any CPU
		{0F8C0700-819B-422A-BF8F-A5AD962EF072}.Debug|x86.ActiveCfg = Debug|Any CPU
		{0F8C0700-819B-422A-BF8F-A5AD962EF072}.Debug|x86.Build.0 = Debug|Any CPU
		{0F8C0700-819B-422A-BF8F-A5AD962EF072}.Release|Any CPU.ActiveCfg = Release|Any CPU
		{0F8C0700-819B-422A-BF8F-A5AD962EF072}.Release|Any CPU.Build.0 = Release|Any CPU
		{0F8C0700-819B-422A-BF8F-A5AD962EF072}.Release|x64.ActiveCfg = Release|Any CPU
		{0F8C0700-819B-422A-BF8F-A5AD962EF072}.Release|x64.Build.0 = Release|Any CPU
		{0F8C0700-819B-422A-BF8F-A5AD962EF072}.Release|x86.ActiveCfg = Release|Any CPU
		{0F8C0700-819B-422A-BF8F-A5AD962EF072}.Release|x86.Build.0 = Release|Any CPU
		{E844F82F-2DB4-4C69-B136-FD0B987EB006}.Debug|Any CPU.ActiveCfg = Debug|Any CPU
		{E844F82F-2DB4-4C69-B136-FD0B987EB006}.Debug|Any CPU.Build.0 = Debug|Any CPU
		{E844F82F-2DB4-4C69-B136-FD0B987EB006}.Debug|x64.ActiveCfg = Debug|Any CPU
		{E844F82F-2DB4-4C69-B136-FD0B987EB006}.Debug|x64.Build.0 = Debug|Any CPU
		{E844F82F-2DB4-4C69-B136-FD0B987EB006}.Debug|x86.ActiveCfg = Debug|Any CPU
		{E844F82F-2DB4-4C69-B136-FD0B987EB006}.Debug|x86.Build.0 = Debug|Any CPU
		{E844F82F-2DB4-4C69-B136-FD0B987EB006}.Release|Any CPU.ActiveCfg = Release|Any CPU
		{E844F82F-2DB4-4C69-B136-FD0B987EB006}.Release|Any CPU.Build.0 = Release|Any CPU
		{E844F82F-2DB4-4C69-B136-FD0B987EB006}.Release|x64.ActiveCfg = Release|Any CPU
		{E844F82F-2DB4-4C69-B136-FD0B987EB006}.Release|x64.Build.0 = Release|Any CPU
		{E844F82F-2DB4-4C69-B136-FD0B987EB006}.Release|x86.ActiveCfg = Release|Any CPU
		{E844F82F-2DB4-4C69-B136-FD0B987EB006}.Release|x86.Build.0 = Release|Any CPU
	EndGlobalSection
	GlobalSection(SolutionProperties) = preSolution
		HideSolutionNode = FALSE
	EndGlobalSection
	GlobalSection(ExtensibilityGlobals) = postSolution
		SolutionGuid = {D6D49358-7C3D-41CA-8EBA-2584CACB4458}
	EndGlobalSection
EndGlobal
